// !$*UTF8*$!
{
	archiveVersion = 1;
	classes = {
	};
	objectVersion = 56;
	objects = {

/* Begin PBXBuildFile section */
		91653ACF29ACCBFF000EB46D /* nameApp.swift in Sources */ = {isa = PBXBuildFile; fileRef = 91653ACE29ACCBFF000EB46D /* nameApp.swift */; };
		91653AD129ACCBFF000EB46D /* ContentView.swift in Sources */ = {isa = PBXBuildFile; fileRef = 91653AD029ACCBFF000EB46D /* ContentView.swift */; };
		91653AD329ACCC00000EB46D /* Assets.xcassets in Resources */ = {isa = PBXBuildFile; fileRef = 91653AD229ACCC00000EB46D /* Assets.xcassets */; };
		91653AD629ACCC00000EB46D /* Preview Assets.xcassets in Resources */ = {isa = PBXBuildFile; fileRef = 91653AD529ACCC00000EB46D /* Preview Assets.xcassets */; };
		91653AE029ACCC00000EB46D /* nameTests.swift in Sources */ = {isa = PBXBuildFile; fileRef = 91653ADF29ACCC00000EB46D /* nameTests.swift */; };
		91653AEA29ACCC00000EB46D /* nameUITests.swift in Sources */ = {isa = PBXBuildFile; fileRef = 91653AE929ACCC00000EB46D /* nameUITests.swift */; };
		91653AEC29ACCC00000EB46D /* nameUITestsLaunchTests.swift in Sources */ = {isa = PBXBuildFile; fileRef = 91653AEB29ACCC00000EB46D /* nameUITestsLaunchTests.swift */; };
/* End PBXBuildFile section */

/* Begin PBXContainerItemProxy section */
		91653ADC29ACCC00000EB46D /* PBXContainerItemProxy */ = {
			isa = PBXContainerItemProxy;
			containerPortal = 91653AC329ACCBFF000EB46D /* Project object */;
			proxyType = 1;
			remoteGlobalIDString = 91653ACA29ACCBFF000EB46D;
			remoteInfo = name;
		};
		91653AE629ACCC00000EB46D /* PBXContainerItemProxy */ = {
			isa = PBXContainerItemProxy;
			containerPortal = 91653AC329ACCBFF000EB46D /* Project object */;
			proxyType = 1;
			remoteGlobalIDString = 91653ACA29ACCBFF000EB46D;
			remoteInfo = name;
		};
/* End PBXContainerItemProxy section */

/* Begin PBXFileReference section */
		91653ACB29ACCBFF000EB46D /* name.app */ = {isa = PBXFileReference; explicitFileType = wrapper.application; includeInIndex = 0; path = name.app; sourceTree = BUILT_PRODUCTS_DIR; };
		91653ACE29ACCBFF000EB46D /* nameApp.swift */ = {isa = PBXFileReference; lastKnownFileType = sourcecode.swift; path = nameApp.swift; sourceTree = "<group>"; };
		91653AD029ACCBFF000EB46D /* ContentView.swift */ = {isa = PBXFileReference; lastKnownFileType = sourcecode.swift; path = ContentView.swift; sourceTree = "<group>"; };
		91653AD229ACCC00000EB46D /* Assets.xcassets */ = {isa = PBXFileReference; lastKnownFileType = folder.assetcatalog; path = Assets.xcassets; sourceTree = "<group>"; };
		91653AD529ACCC00000EB46D /* Preview Assets.xcassets */ = {isa = PBXFileReference; lastKnownFileType = folder.assetcatalog; path = "Preview Assets.xcassets"; sourceTree = "<group>"; };
		91653ADB29ACCC00000EB46D /* nameTests.xctest */ = {isa = PBXFileReference; explicitFileType = wrapper.cfbundle; includeInIndex = 0; path = nameTests.xctest; sourceTree = BUILT_PRODUCTS_DIR; };
		91653ADF29ACCC00000EB46D /* nameTests.swift */ = {isa = PBXFileReference; lastKnownFileType = sourcecode.swift; path = nameTests.swift; sourceTree = "<group>"; };
		91653AE529ACCC00000EB46D /* nameUITests.xctest */ = {isa = PBXFileReference; explicitFileType = wrapper.cfbundle; includeInIndex = 0; path = nameUITests.xctest; sourceTree = BUILT_PRODUCTS_DIR; };
		91653AE929ACCC00000EB46D /* nameUITests.swift */ = {isa = PBXFileReference; lastKnownFileType = sourcecode.swift; path = nameUITests.swift; sourceTree = "<group>"; };
		91653AEB29ACCC00000EB46D /* nameUITestsLaunchTests.swift */ = {isa = PBXFileReference; lastKnownFileType = sourcecode.swift; path = nameUITestsLaunchTests.swift; sourceTree = "<group>"; };
/* End PBXFileReference section */

/* Begin PBXFrameworksBuildPhase section */
		91653AC829ACCBFF000EB46D /* Frameworks */ = {
			isa = PBXFrameworksBuildPhase;
			buildActionMask = 2147483647;
			files = (
			);
			runOnlyForDeploymentPostprocessing = 0;
		};
		91653AD829ACCC00000EB46D /* Frameworks */ = {
			isa = PBXFrameworksBuildPhase;
			buildActionMask = 2147483647;
			files = (
			);
			runOnlyForDeploymentPostprocessing = 0;
		};
		91653AE229ACCC00000EB46D /* Frameworks */ = {
			isa = PBXFrameworksBuildPhase;
			buildActionMask = 2147483647;
			files = (
			);
			runOnlyForDeploymentPostprocessing = 0;
		};
/* End PBXFrameworksBuildPhase section */

/* Begin PBXGroup section */
		91653AC229ACCBFF000EB46D = {
			isa = PBXGroup;
			children = (
				91653ACD29ACCBFF000EB46D /* name */,
				91653ADE29ACCC00000EB46D /* nameTests */,
				91653AE829ACCC00000EB46D /* nameUITests */,
				91653ACC29ACCBFF000EB46D /* Products */,
			);
			sourceTree = "<group>";
		};
		91653ACC29ACCBFF000EB46D /* Products */ = {
			isa = PBXGroup;
			children = (
				91653ACB29ACCBFF000EB46D /* name.app */,
				91653ADB29ACCC00000EB46D /* nameTests.xctest */,
				91653AE529ACCC00000EB46D /* nameUITests.xctest */,
			);
			name = Products;
			sourceTree = "<group>";
		};
		91653ACD29ACCBFF000EB46D /* name */ = {
			isa = PBXGroup;
			children = (
				91653ACE29ACCBFF000EB46D /* nameApp.swift */,
				91653AD029ACCBFF000EB46D /* ContentView.swift */,
				91653AD229ACCC00000EB46D /* Assets.xcassets */,
				91653AD429ACCC00000EB46D /* Preview Content */,
			);
			path = name;
			sourceTree = "<group>";
		};
		91653AD429ACCC00000EB46D /* Preview Content */ = {
			isa = PBXGroup;
			children = (
				91653AD529ACCC00000EB46D /* Preview Assets.xcassets */,
			);
			path = "Preview Content";
			sourceTree = "<group>";
		};
		91653ADE29ACCC00000EB46D /* nameTests */ = {
			isa = PBXGroup;
			children = (
				91653ADF29ACCC00000EB46D /* nameTests.swift */,
			);
			path = nameTests;
			sourceTree = "<group>";
		};
		91653AE829ACCC00000EB46D /* nameUITests */ = {
			isa = PBXGroup;
			children = (
				91653AE929ACCC00000EB46D /* nameUITests.swift */,
				91653AEB29ACCC00000EB46D /* nameUITestsLaunchTests.swift */,
			);
			path = nameUITests;
			sourceTree = "<group>";
		};
/* End PBXGroup section */

/* Begin PBXNativeTarget section */
		91653ACA29ACCBFF000EB46D /* name */ = {
			isa = PBXNativeTarget;
			buildConfigurationList = 91653AEF29ACCC00000EB46D /* Build configuration list for PBXNativeTarget "name" */;
			buildPhases = (
				91653AC729ACCBFF000EB46D /* Sources */,
				91653AC829ACCBFF000EB46D /* Frameworks */,
				91653AC929ACCBFF000EB46D /* Resources */,
			);
			buildRules = (
			);
			dependencies = (
			);
			name = name;
			productName = name;
			productReference = 91653ACB29ACCBFF000EB46D /* name.app */;
			productType = "com.apple.product-type.application";
		};
		91653ADA29ACCC00000EB46D /* nameTests */ = {
			isa = PBXNativeTarget;
			buildConfigurationList = 91653AF229ACCC00000EB46D /* Build configuration list for PBXNativeTarget "nameTests" */;
			buildPhases = (
				91653AD729ACCC00000EB46D /* Sources */,
				91653AD829ACCC00000EB46D /* Frameworks */,
				91653AD929ACCC00000EB46D /* Resources */,
			);
			buildRules = (
			);
			dependencies = (
				91653ADD29ACCC00000EB46D /* PBXTargetDependency */,
			);
			name = nameTests;
			productName = nameTests;
			productReference = 91653ADB29ACCC00000EB46D /* nameTests.xctest */;
			productType = "com.apple.product-type.bundle.unit-test";
		};
		91653AE429ACCC00000EB46D /* nameUITests */ = {
			isa = PBXNativeTarget;
			buildConfigurationList = 91653AF529ACCC00000EB46D /* Build configuration list for PBXNativeTarget "nameUITests" */;
			buildPhases = (
				91653AE129ACCC00000EB46D /* Sources */,
				91653AE229ACCC00000EB46D /* Frameworks */,
				91653AE329ACCC00000EB46D /* Resources */,
			);
			buildRules = (
			);
			dependencies = (
				91653AE729ACCC00000EB46D /* PBXTargetDependency */,
			);
			name = nameUITests;
			productName = nameUITests;
			productReference = 91653AE529ACCC00000EB46D /* nameUITests.xctest */;
			productType = "com.apple.product-type.bundle.ui-testing";
		};
/* End PBXNativeTarget section */

/* Begin PBXProject section */
		91653AC329ACCBFF000EB46D /* Project object */ = {
			isa = PBXProject;
			attributes = {
				BuildIndependentTargetsInParallel = 1;
				LastSwiftUpdateCheck = 1420;
				LastUpgradeCheck = 1420;
				TargetAttributes = {
					91653ACA29ACCBFF000EB46D = {
						CreatedOnToolsVersion = 14.2;
					};
					91653ADA29ACCC00000EB46D = {
						CreatedOnToolsVersion = 14.2;
						TestTargetID = 91653ACA29ACCBFF000EB46D;
					};
					91653AE429ACCC00000EB46D = {
						CreatedOnToolsVersion = 14.2;
						TestTargetID = 91653ACA29ACCBFF000EB46D;
					};
				};
			};
			buildConfigurationList = 91653AC629ACCBFF000EB46D /* Build configuration list for PBXProject "name" */;
			compatibilityVersion = "Xcode 14.0";
			developmentRegion = en;
			hasScannedForEncodings = 0;
			knownRegions = (
				en,
				Base,
			);
			mainGroup = 91653AC229ACCBFF000EB46D;
			productRefGroup = 91653ACC29ACCBFF000EB46D /* Products */;
			projectDirPath = "";
			projectRoot = "";
			targets = (
				91653ACA29ACCBFF000EB46D /* name */,
				91653ADA29ACCC00000EB46D /* nameTests */,
				91653AE429ACCC00000EB46D /* nameUITests */,
			);
		};
/* End PBXProject section */

/* Begin PBXResourcesBuildPhase section */
		91653AC929ACCBFF000EB46D /* Resources */ = {
			isa = PBXResourcesBuildPhase;
			buildActionMask = 2147483647;
			files = (
				91653AD629ACCC00000EB46D /* Preview Assets.xcassets in Resources */,
				91653AD329ACCC00000EB46D /* Assets.xcassets in Resources */,
			);
			runOnlyForDeploymentPostprocessing = 0;
		};
		91653AD929ACCC00000EB46D /* Resources */ = {
			isa = PBXResourcesBuildPhase;
			buildActionMask = 2147483647;
			files = (
			);
			runOnlyForDeploymentPostprocessing = 0;
		};
		91653AE329ACCC00000EB46D /* Resources */ = {
			isa = PBXResourcesBuildPhase;
			buildActionMask = 2147483647;
			files = (
			);
			runOnlyForDeploymentPostprocessing = 0;
		};
/* End PBXResourcesBuildPhase section */

/* Begin PBXSourcesBuildPhase section */
		91653AC729ACCBFF000EB46D /* Sources */ = {
			isa = PBXSourcesBuildPhase;
			buildActionMask = 2147483647;
			files = (
				91653AD129ACCBFF000EB46D /* ContentView.swift in Sources */,
				91653ACF29ACCBFF000EB46D /* nameApp.swift in Sources */,
			);
			runOnlyForDeploymentPostprocessing = 0;
		};
		91653AD729ACCC00000EB46D /* Sources */ = {
			isa = PBXSourcesBuildPhase;
			buildActionMask = 2147483647;
			files = (
				91653AE029ACCC00000EB46D /* nameTests.swift in Sources */,
			);
			runOnlyForDeploymentPostprocessing = 0;
		};
		91653AE129ACCC00000EB46D /* Sources */ = {
			isa = PBXSourcesBuildPhase;
			buildActionMask = 2147483647;
			files = (
				91653AEA29ACCC00000EB46D /* nameUITests.swift in Sources */,
				91653AEC29ACCC00000EB46D /* nameUITestsLaunchTests.swift in Sources */,
			);
			runOnlyForDeploymentPostprocessing = 0;
		};
/* End PBXSourcesBuildPhase section */

/* Begin PBXTargetDependency section */
		91653ADD29ACCC00000EB46D /* PBXTargetDependency */ = {
			isa = PBXTargetDependency;
			target = 91653ACA29ACCBFF000EB46D /* name */;
			targetProxy = 91653ADC29ACCC00000EB46D /* PBXContainerItemProxy */;
		};
		91653AE729ACCC00000EB46D /* PBXTargetDependency */ = {
			isa = PBXTargetDependency;
			target = 91653ACA29ACCBFF000EB46D /* name */;
			targetProxy = 91653AE629ACCC00000EB46D /* PBXContainerItemProxy */;
		};
/* End PBXTargetDependency section */

/* Begin XCBuildConfiguration section */
		91653AED29ACCC00000EB46D /* Debug */ = {
			isa = XCBuildConfiguration;
			buildSettings = {
				ALWAYS_SEARCH_USER_PATHS = NO;
				CLANG_ANALYZER_NONNULL = YES;
				CLANG_ANALYZER_NUMBER_OBJECT_CONVERSION = YES_AGGRESSIVE;
				CLANG_CXX_LANGUAGE_STANDARD = "gnu++20";
				CLANG_ENABLE_MODULES = YES;
				CLANG_ENABLE_OBJC_ARC = YES;
				CLANG_ENABLE_OBJC_WEAK = YES;
				CLANG_WARN_BLOCK_CAPTURE_AUTORELEASING = YES;
				CLANG_WARN_BOOL_CONVERSION = YES;
				CLANG_WARN_COMMA = YES;
				CLANG_WARN_CONSTANT_CONVERSION = YES;
				CLANG_WARN_DEPRECATED_OBJC_IMPLEMENTATIONS = YES;
				CLANG_WARN_DIRECT_OBJC_ISA_USAGE = YES_ERROR;
				CLANG_WARN_DOCUMENTATION_COMMENTS = YES;
				CLANG_WARN_EMPTY_BODY = YES;
				CLANG_WARN_ENUM_CONVERSION = YES;
				CLANG_WARN_INFINITE_RECURSION = YES;
				CLANG_WARN_INT_CONVERSION = YES;
				CLANG_WARN_NON_LITERAL_NULL_CONVERSION = YES;
				CLANG_WARN_OBJC_IMPLICIT_RETAIN_SELF = YES;
				CLANG_WARN_OBJC_LITERAL_CONVERSION = YES;
				CLANG_WARN_OBJC_ROOT_CLASS = YES_ERROR;
				CLANG_WARN_QUOTED_INCLUDE_IN_FRAMEWORK_HEADER = YES;
				CLANG_WARN_RANGE_LOOP_ANALYSIS = YES;
				CLANG_WARN_STRICT_PROTOTYPES = YES;
				CLANG_WARN_SUSPICIOUS_MOVE = YES;
				CLANG_WARN_UNGUARDED_AVAILABILITY = YES_AGGRESSIVE;
				CLANG_WARN_UNREACHABLE_CODE = YES;
				CLANG_WARN__DUPLICATE_METHOD_MATCH = YES;
				COPY_PHASE_STRIP = NO;
				DEBUG_INFORMATION_FORMAT = dwarf;
				ENABLE_STRICT_OBJC_MSGSEND = YES;
				ENABLE_TESTABILITY = YES;
				GCC_C_LANGUAGE_STANDARD = gnu11;
				GCC_DYNAMIC_NO_PIC = NO;
				GCC_NO_COMMON_BLOCKS = YES;
				GCC_OPTIMIZATION_LEVEL = 0;
				GCC_PREPROCESSOR_DEFINITIONS = (
					"DEBUG=1",
					"$(inherited)",
				);
				GCC_WARN_64_TO_32_BIT_CONVERSION = YES;
				GCC_WARN_ABOUT_RETURN_TYPE = YES_ERROR;
				GCC_WARN_UNDECLARED_SELECTOR = YES;
				GCC_WARN_UNINITIALIZED_AUTOS = YES_AGGRESSIVE;
				GCC_WARN_UNUSED_FUNCTION = YES;
				GCC_WARN_UNUSED_VARIABLE = YES;
				IPHONEOS_DEPLOYMENT_TARGET = 16.2;
				MTL_ENABLE_DEBUG_INFO = INCLUDE_SOURCE;
				MTL_FAST_MATH = YES;
				ONLY_ACTIVE_ARCH = YES;
				SDKROOT = iphoneos;
				SWIFT_ACTIVE_COMPILATION_CONDITIONS = DEBUG;
				SWIFT_OPTIMIZATION_LEVEL = "-Onone";
			};
			name = Debug;
		};
		91653AEE29ACCC00000EB46D /* Release */ = {
			isa = XCBuildConfiguration;
			buildSettings = {
				ALWAYS_SEARCH_USER_PATHS = NO;
				CLANG_ANALYZER_NONNULL = YES;
				CLANG_ANALYZER_NUMBER_OBJECT_CONVERSION = YES_AGGRESSIVE;
				CLANG_CXX_LANGUAGE_STANDARD = "gnu++20";
				CLANG_ENABLE_MODULES = YES;
				CLANG_ENABLE_OBJC_ARC = YES;
				CLANG_ENABLE_OBJC_WEAK = YES;
				CLANG_WARN_BLOCK_CAPTURE_AUTORELEASING = YES;
				CLANG_WARN_BOOL_CONVERSION = YES;
				CLANG_WARN_COMMA = YES;
				CLANG_WARN_CONSTANT_CONVERSION = YES;
				CLANG_WARN_DEPRECATED_OBJC_IMPLEMENTATIONS = YES;
				CLANG_WARN_DIRECT_OBJC_ISA_USAGE = YES_ERROR;
				CLANG_WARN_DOCUMENTATION_COMMENTS = YES;
				CLANG_WARN_EMPTY_BODY = YES;
				CLANG_WARN_ENUM_CONVERSION = YES;
				CLANG_WARN_INFINITE_RECURSION = YES;
				CLANG_WARN_INT_CONVERSION = YES;
				CLANG_WARN_NON_LITERAL_NULL_CONVERSION = YES;
				CLANG_WARN_OBJC_IMPLICIT_RETAIN_SELF = YES;
				CLANG_WARN_OBJC_LITERAL_CONVERSION = YES;
				CLANG_WARN_OBJC_ROOT_CLASS = YES_ERROR;
				CLANG_WARN_QUOTED_INCLUDE_IN_FRAMEWORK_HEADER = YES;
				CLANG_WARN_RANGE_LOOP_ANALYSIS = YES;
				CLANG_WARN_STRICT_PROTOTYPES = YES;
				CLANG_WARN_SUSPICIOUS_MOVE = YES;
				CLANG_WARN_UNGUARDED_AVAILABILITY = YES_AGGRESSIVE;
				CLANG_WARN_UNREACHABLE_CODE = YES;
				CLANG_WARN__DUPLICATE_METHOD_MATCH = YES;
				COPY_PHASE_STRIP = NO;
				DEBUG_INFORMATION_FORMAT = "dwarf-with-dsym";
				ENABLE_NS_ASSERTIONS = NO;
				ENABLE_STRICT_OBJC_MSGSEND = YES;
				GCC_C_LANGUAGE_STANDARD = gnu11;
				GCC_NO_COMMON_BLOCKS = YES;
				GCC_WARN_64_TO_32_BIT_CONVERSION = YES;
				GCC_WARN_ABOUT_RETURN_TYPE = YES_ERROR;
				GCC_WARN_UNDECLARED_SELECTOR = YES;
				GCC_WARN_UNINITIALIZED_AUTOS = YES_AGGRESSIVE;
				GCC_WARN_UNUSED_FUNCTION = YES;
				GCC_WARN_UNUSED_VARIABLE = YES;
				IPHONEOS_DEPLOYMENT_TARGET = 16.2;
				MTL_ENABLE_DEBUG_INFO = NO;
				MTL_FAST_MATH = YES;
				SDKROOT = iphoneos;
				SWIFT_COMPILATION_MODE = wholemodule;
				SWIFT_OPTIMIZATION_LEVEL = "-O";
				VALIDATE_PRODUCT = YES;
			};
			name = Release;
		};
		91653AF029ACCC00000EB46D /* Debug */ = {
			isa = XCBuildConfiguration;
			buildSettings = {
				ASSETCATALOG_COMPILER_APPICON_NAME = AppIcon;
				ASSETCATALOG_COMPILER_GLOBAL_ACCENT_COLOR_NAME = AccentColor;
				CODE_SIGN_STYLE = Automatic;
				CURRENT_PROJECT_VERSION = 1;
				DEVELOPMENT_ASSET_PATHS = "\"name/Preview Content\"";
				ENABLE_PREVIEWS = YES;
				GENERATE_INFOPLIST_FILE = YES;
				INFOPLIST_KEY_UIApplicationSceneManifest_Generation = YES;
				INFOPLIST_KEY_UIApplicationSupportsIndirectInputEvents = YES;
				INFOPLIST_KEY_UILaunchScreen_Generation = YES;
				INFOPLIST_KEY_UISupportedInterfaceOrientations_iPad = "UIInterfaceOrientationPortrait UIInterfaceOrientationPortraitUpsideDown UIInterfaceOrientationLandscapeLeft UIInterfaceOrientationLandscapeRight";
				INFOPLIST_KEY_UISupportedInterfaceOrientations_iPhone = "UIInterfaceOrientationPortrait UIInterfaceOrientationLandscapeLeft UIInterfaceOrientationLandscapeRight";
				LD_RUNPATH_SEARCH_PATHS = (
					"$(inherited)",
					"@executable_path/Frameworks",
				);
				MARKETING_VERSION = 1.0;
				PRODUCT_BUNDLE_IDENTIFIER = unibo.name;
				PRODUCT_NAME = "$(TARGET_NAME)";
				SWIFT_EMIT_LOC_STRINGS = YES;
				SWIFT_VERSION = 5.0;
				TARGETED_DEVICE_FAMILY = "1,2";
			};
			name = Debug;
		};
		91653AF129ACCC00000EB46D /* Release */ = {
			isa = XCBuildConfiguration;
			buildSettings = {
				ASSETCATALOG_COMPILER_APPICON_NAME = AppIcon;
				ASSETCATALOG_COMPILER_GLOBAL_ACCENT_COLOR_NAME = AccentColor;
				CODE_SIGN_STYLE = Automatic;
				CURRENT_PROJECT_VERSION = 1;
				DEVELOPMENT_ASSET_PATHS = "\"name/Preview Content\"";
				ENABLE_PREVIEWS = YES;
				GENERATE_INFOPLIST_FILE = YES;
				INFOPLIST_KEY_UIApplicationSceneManifest_Generation = YES;
				INFOPLIST_KEY_UIApplicationSupportsIndirectInputEvents = YES;
				INFOPLIST_KEY_UILaunchScreen_Generation = YES;
				INFOPLIST_KEY_UISupportedInterfaceOrientations_iPad = "UIInterfaceOrientationPortrait UIInterfaceOrientationPortraitUpsideDown UIInterfaceOrientationLandscapeLeft UIInterfaceOrientationLandscapeRight";
				INFOPLIST_KEY_UISupportedInterfaceOrientations_iPhone = "UIInterfaceOrientationPortrait UIInterfaceOrientationLandscapeLeft UIInterfaceOrientationLandscapeRight";
				LD_RUNPATH_SEARCH_PATHS = (
					"$(inherited)",
					"@executable_path/Frameworks",
				);
				MARKETING_VERSION = 1.0;
				PRODUCT_BUNDLE_IDENTIFIER = unibo.name;
				PRODUCT_NAME = "$(TARGET_NAME)";
				SWIFT_EMIT_LOC_STRINGS = YES;
				SWIFT_VERSION = 5.0;
				TARGETED_DEVICE_FAMILY = "1,2";
			};
			name = Release;
		};
		91653AF329ACCC00000EB46D /* Debug */ = {
			isa = XCBuildConfiguration;
			buildSettings = {
				ALWAYS_EMBED_SWIFT_STANDARD_LIBRARIES = YES;
				BUNDLE_LOADER = "$(TEST_HOST)";
				CODE_SIGN_STYLE = Automatic;
				CURRENT_PROJECT_VERSION = 1;
				GENERATE_INFOPLIST_FILE = YES;
				IPHONEOS_DEPLOYMENT_TARGET = 16.2;
				MARKETING_VERSION = 1.0;
				PRODUCT_BUNDLE_IDENTIFIER = unibo.nameTests;
				PRODUCT_NAME = "$(TARGET_NAME)";
				SWIFT_EMIT_LOC_STRINGS = NO;
				SWIFT_VERSION = 5.0;
				TARGETED_DEVICE_FAMILY = "1,2";
				TEST_HOST = "$(BUILT_PRODUCTS_DIR)/name.app/$(BUNDLE_EXECUTABLE_FOLDER_PATH)/name";
			};
			name = Debug;
		};
		91653AF429ACCC00000EB46D /* Release */ = {
			isa = XCBuildConfiguration;
			buildSettings = {
				ALWAYS_EMBED_SWIFT_STANDARD_LIBRARIES = YES;
				BUNDLE_LOADER = "$(TEST_HOST)";
				CODE_SIGN_STYLE = Automatic;
				CURRENT_PROJECT_VERSION = 1;
				GENERATE_INFOPLIST_FILE = YES;
				IPHONEOS_DEPLOYMENT_TARGET = 16.2;
				MARKETING_VERSION = 1.0;
				PRODUCT_BUNDLE_IDENTIFIER = unibo.nameTests;
				PRODUCT_NAME = "$(TARGET_NAME)";
				SWIFT_EMIT_LOC_STRINGS = NO;
				SWIFT_VERSION = 5.0;
				TARGETED_DEVICE_FAMILY = "1,2";
				TEST_HOST = "$(BUILT_PRODUCTS_DIR)/name.app/$(BUNDLE_EXECUTABLE_FOLDER_PATH)/name";
			};
			name = Release;
		};
		91653AF629ACCC00000EB46D /* Debug */ = {
			isa = XCBuildConfiguration;
			buildSettings = {
				ALWAYS_EMBED_SWIFT_STANDARD_LIBRARIES = YES;
				CODE_SIGN_STYLE = Automatic;
				CURRENT_PROJECT_VERSION = 1;
				GENERATE_INFOPLIST_FILE = YES;
				MARKETING_VERSION = 1.0;
				PRODUCT_BUNDLE_IDENTIFIER = unibo.nameUITests;
				PRODUCT_NAME = "$(TARGET_NAME)";
				SWIFT_EMIT_LOC_STRINGS = NO;
				SWIFT_VERSION = 5.0;
				TARGETED_DEVICE_FAMILY = "1,2";
				TEST_TARGET_NAME = name;
			};
			name = Debug;
		};
		91653AF729ACCC00000EB46D /* Release */ = {
			isa = XCBuildConfiguration;
			buildSettings = {
				ALWAYS_EMBED_SWIFT_STANDARD_LIBRARIES = YES;
				CODE_SIGN_STYLE = Automatic;
				CURRENT_PROJECT_VERSION = 1;
				GENERATE_INFOPLIST_FILE = YES;
				MARKETING_VERSION = 1.0;
				PRODUCT_BUNDLE_IDENTIFIER = unibo.nameUITests;
				PRODUCT_NAME = "$(TARGET_NAME)";
				SWIFT_EMIT_LOC_STRINGS = NO;
				SWIFT_VERSION = 5.0;
				TARGETED_DEVICE_FAMILY = "1,2";
				TEST_TARGET_NAME = name;
			};
			name = Release;
		};
/* End XCBuildConfiguration section */

/* Begin XCConfigurationList section */
		91653AC629ACCBFF000EB46D /* Build configuration list for PBXProject "name" */ = {
			isa = XCConfigurationList;
			buildConfigurations = (
				91653AED29ACCC00000EB46D /* Debug */,
				91653AEE29ACCC00000EB46D /* Release */,
			);
			defaultConfigurationIsVisible = 0;
			defaultConfigurationName = Release;
		};
		91653AEF29ACCC00000EB46D /* Build configuration list for PBXNativeTarget "name" */ = {
			isa = XCConfigurationList;
			buildConfigurations = (
				91653AF029ACCC00000EB46D /* Debug */,
				91653AF129ACCC00000EB46D /* Release */,
			);
			defaultConfigurationIsVisible = 0;
			defaultConfigurationName = Release;
		};
		91653AF229ACCC00000EB46D /* Build configuration list for PBXNativeTarget "nameTests" */ = {
			isa = XCConfigurationList;
			buildConfigurations = (
				91653AF329ACCC00000EB46D /* Debug */,
				91653AF429ACCC00000EB46D /* Release */,
			);
			defaultConfigurationIsVisible = 0;
			defaultConfigurationName = Release;
		};
		91653AF529ACCC00000EB46D /* Build configuration list for PBXNativeTarget "nameUITests" */ = {
			isa = XCConfigurationList;
			buildConfigurations = (
				91653AF629ACCC00000EB46D /* Debug */,
				91653AF729ACCC00000EB46D /* Release */,
			);
			defaultConfigurationIsVisible = 0;
			defaultConfigurationName = Release;
		};
/* End XCConfigurationList section */
	};
	rootObject = 91653AC329ACCBFF000EB46D /* Project object */;
}
